Microsoft Visual Studio Solution File, Format Version 12.00
# Visual Studio Version 17
VisualStudioVersion = 17.0.31912.275
MinimumVisualStudioVersion = 10.0.40219.1
Project("{FAE04EC0-301F-11D3-BF4B-00C04F79EFBC}") = "Laboratorio 4", "Laboratorio 4/Laboratorio 4.csproj", "{2587CE03-F210-4A4F-A82A-E321ED8B0D13}"
EndProject
Project("{FAE04EC0-301F-11D3-BF4B-00C04F79EFBC}") = "Laboratorio 42", "Laboratorio 42/Laboratorio 42.csproj", "{CE8F7F16-D8E3-4426-B284-6E9C552470CC}"
EndProject
Project("{FAE04EC0-301F-11D3-BF4B-00C04F79EFBC}") = "Laboratorio 43", "Laboratorio 43/Laboratorio 43.csproj", "{14137B54-0A57-410A-9F2D-6BAAB4F1F057}"
EndProject
Project("{FAE04EC0-301F-11D3-BF4B-00C04F79EFBC}") = "Laboratorio 44", "Laboratorio 44/Laboratorio 44.csproj", "{8C0F0CF4-F5EF-4376-BE5D-F5DF68DA7DFD}"
EndProject
Project("{FAE04EC0-301F-11D3-BF4B-00C04F79EFBC}") = "Laboratorio 45", "Laboratorio 45/Laboratorio 45.csproj", "{33BB6721-22F1-466D-A49B-57AE9CB8C01F}"
EndProject
Global
	GlobalSection(SolutionConfigurationPlatforms) = preSolution
		Debug|Any CPU = Debug|Any CPU
		Release|Any CPU = Release|Any CPU
	EndGlobalSection
	GlobalSection(ProjectConfigurationPlatforms) = postSolution
		{2587CE03-F210-4A4F-A82A-E321ED8B0D13}.Debug|Any CPU.ActiveCfg = Debug|Any CPU
		{2587CE03-F210-4A4F-A82A-E321ED8B0D13}.Debug|Any CPU.Build.0 = Debug|Any CPU
		{2587CE03-F210-4A4F-A82A-E321ED8B0D13}.Release|Any CPU.ActiveCfg = Release|Any CPU
		{2587CE03-F210-4A4F-A82A-E321ED8B0D13}.Release|Any CPU.Build.0 = Release|Any CPU
		{CE8F7F16-D8E3-4426-B284-6E9C552470CC}.Debug|Any CPU.ActiveCfg = Debug|Any CPU
		{CE8F7F16-D8E3-4426-B284-6E9C552470CC}.Debug|Any CPU.Build.0 = Debug|Any CPU
		{CE8F7F16-D8E3-4426-B284-6E9C552470CC}.Release|Any CPU.ActiveCfg = Release|Any CPU
		{CE8F7F16-D8E3-4426-B284-6E9C552470CC}.Release|Any CPU.Build.0 = Release|Any CPU
		{14137B54-0A57-410A-9F2D-6BAAB4F1F057}.Debug|Any CPU.ActiveCfg = Debug|Any CPU
		{14137B54-0A57-410A-9F2D-6BAAB4F1F057}.Debug|Any CPU.Build.0 = Debug|Any CPU
		{14137B54-0A57-410A-9F2D-6BAAB4F1F057}.Release|Any CPU.ActiveCfg = Release|Any CPU
		{14137B54-0A57-410A-9F2D-6BAAB4F1F057}.Release|Any CPU.Build.0 = Release|Any CPU
		{8C0F0CF4-F5EF-4376-BE5D-F5DF68DA7DFD}.Debug|Any CPU.ActiveCfg = Debug|Any CPU
		{8C0F0CF4-F5EF-4376-BE5D-F5DF68DA7DFD}.Debug|Any CPU.Build.0 = Debug|Any CPU
		{8C0F0CF4-F5EF-4376-BE5D-F5DF68DA7DFD}.Release|Any CPU.ActiveCfg = Release|Any CPU
		{8C0F0CF4-F5EF-4376-BE5D-F5DF68DA7DFD}.Release|Any CPU.Build.0 = Release|Any CPU
		{33BB6721-22F1-466D-A49B-57AE9CB8C01F}.Debug|Any CPU.ActiveCfg = Debug|Any CPU
		{33BB6721-22F1-466D-A49B-57AE9CB8C01F}.Debug|Any CPU.Build.0 = Debug|Any CPU
		{33BB6721-22F1-466D-A49B-57AE9CB8C01F}.Release|Any CPU.ActiveCfg = Release|Any CPU
		{33BB6721-22F1-466D-A49B-57AE9CB8C01F}.Release|Any CPU.Build.0 = Release|Any CPU
	EndGlobalSection
	GlobalSection(SolutionProperties) = preSolution
		HideSolutionNode = FALSE
	EndGlobalSection
	GlobalSection(ExtensibilityGlobals) = postSolution
		SolutionGuid = {11530D1E-1F80-4D88-AFE8-A375FF1FE3D5}
	EndGlobalSection
EndGlobal