Microsoft Visual Studio Solution File, Format Version 12.00\n# Visual Studio Version 17\nVisualStudioVersion = 17.0.31912.275\nMinimumVisualStudioVersion = 10.0.40219.1\nProject("{FAE04EC0-301F-11D3-BF4B-00C04F79EFBC}") = "Laboratorio5-1", "Laboratorio5-1/Laboratorio5-1.csproj", "{79480B27-C93C-4799-9C37-1AAACE70ABFB}"\nEndProject\nProject("{FAE04EC0-301F-11D3-BF4B-00C04F79EFBC}") = "Laboratorio5-2", "Laboratorio5-2/Laboratorio5-2.csproj", "{0AC9E99D-472C-424B-B60F-69244E0535CC}"\nEndProject\nProject("{FAE04EC0-301F-11D3-BF4B-00C04F79EFBC}") = "Laboratorio5-3", "Laboratorio5-3/Laboratorio5-3.csproj", "{185A7F27-AFBC-4BC2-9ECD-0FA7D1B0D00D}"\nEndProject\nProject("{FAE04EC0-301F-11D3-BF4B-00C04F79EFBC}") = "Laboratorio5-4", "Laboratorio5-4/Laboratorio5-4.csproj", "{C61E854C-7161-462D-88E8-26D371450452}"\nEndProject\nProject("{FAE04EC0-301F-11D3-BF4B-00C04F79EFBC}") = "Laboratorio5-5", "Laboratorio5-5/Laboratorio5-5.csproj", "{01ABE056-ACEC-488D-A029-27982A55DA1E}"\nEndProject\nProject("{FAE04EC0-301F-11D3-BF4B-00C04F79EFBC}") = "Laboratorio5-6", "Laboratorio5-6/Laboratorio5-6.csproj", "{C56F720B-8D2D-4A28-8F71-92DF4AFDEE2E}"\nEndProject\nGlobal\n	GlobalSection(SolutionConfigurationPlatforms) = preSolution\n		Debug|Any CPU = Debug|Any CPU\n		Release|Any CPU = Release|Any CPU\n	EndGlobalSection\n	GlobalSection(ProjectConfigurationPlatforms) = postSolution\n		{79480B27-C93C-4799-9C37-1AAACE70ABFB}.Debug|Any CPU.ActiveCfg = Debug|Any CPU\n		{79480B27-C93C-4799-9C37-1AAACE70ABFB}.Debug|Any CPU.Build.0 = Debug|Any CPU\n		{79480B27-C93C-4799-9C37-1AAACE70ABFB}.Release|Any CPU.ActiveCfg = Release|Any CPU\n		{79480B27-C93C-4799-9C37-1AAACE70ABFB}.Release|Any CPU.Build.0 = Release|Any CPU\n		{0AC9E99D-472C-424B-B60F-69244E0535CC}.Debug|Any CPU.ActiveCfg = Debug|Any CPU\n		{0AC9E99D-472C-424B-B60F-69244E0535CC}.Debug|Any CPU.Build.0 = Debug|Any CPU\n		{0AC9E99D-472C-424B-B60F-69244E0535CC}.Release|Any CPU.ActiveCfg = Release|Any CPU\n		{0AC9E99D-472C-424B-B60F-69244E0535CC}.Release|Any CPU.Build.0 = Release|Any CPU\n		{185A7F27-AFBC-4BC2-9ECD-0FA7D1B0D00D}.Debug|Any CPU.ActiveCfg = Debug|Any CPU\n		{185A7F27-AFBC-4BC2-9ECD-0FA7D1B0D00D}.Debug|Any CPU.Build.0 = Debug|Any CPU\n		{185A7F27-AFBC-4BC2-9ECD-0FA7D1B0D00D}.Release|Any CPU.ActiveCfg = Release|Any CPU\n		{185A7F27-AFBC-4BC2-9ECD-0FA7D1B0D00D}.Release|Any CPU.Build.0 = Release|Any CPU\n		{C61E854C-7161-462D-88E8-26D371450452}.Debug|Any CPU.ActiveCfg = Debug|Any CPU\n		{C61E854C-7161-462D-88E8-26D371450452}.Debug|Any CPU.Build.0 = Debug|Any CPU\n		{C61E854C-7161-462D-88E8-26D371450452}.Release|Any CPU.ActiveCfg = Release|Any CPU\n		{C61E854C-7161-462D-88E8-26D371450452}.Release|Any CPU.Build.0 = Release|Any CPU\n		{01ABE056-ACEC-488D-A029-27982A55DA1E}.Debug|Any CPU.ActiveCfg = Debug|Any CPU\n		{01ABE056-ACEC-488D-A029-27982A55DA1E}.Debug|Any CPU.Build.0 = Debug|Any CPU\n		{01ABE056-ACEC-488D-A029-27982A55DA1E}.Release|Any CPU.ActiveCfg = Release|Any CPU\n		{01ABE056-ACEC-488D-A029-27982A55DA1E}.Release|Any CPU.Build.0 = Release|Any CPU\n		{C56F720B-8D2D-4A28-8F71-92DF4AFDEE2E}.Debug|Any CPU.ActiveCfg = Debug|Any CPU\n		{C56F720B-8D2D-4A28-8F71-92DF4AFDEE2E}.Debug|Any CPU.Build.0 = Debug|Any CPU\n		{C56F720B-8D2D-4A28-8F71-92DF4AFDEE2E}.Release|Any CPU.ActiveCfg = Release|Any CPU\n		{C56F720B-8D2D-4A28-8F71-92DF4AFDEE2E}.Release|Any CPU.Build.0 = Release|Any CPU\n	EndGlobalSection\n	GlobalSection(SolutionProperties) = preSolution\n		HideSolutionNode = FALSE\n	EndGlobalSection\nEndGlobal